
Microsoft Visual Studio Solution File, Format Version 12.00
# Visual Studio Version 17
VisualStudioVersion = 17.11.35312.102
MinimumVisualStudioVersion = 10.0.40219.1
Project("{FAE04EC0-301F-11D3-BF4B-00C04F79EFBC}") = "TestDotNetENV", "TestDotNetENV\TestDotNetENV.csproj", "{DCC2A3E4-0C16-4A80-B9FF-8EE256E71B59}"
EndProject
Global
	GlobalSection(SolutionConfigurationPlatforms) = preSolution
		Debug|Any CPU = Debug|Any CPU
		Release|Any CPU = Release|Any CPU
	EndGlobalSection
	GlobalSection(ProjectConfigurationPlatforms) = postSolution
		{DCC2A3E4-0C16-4A80-B9FF-8EE256E71B59}.Debug|Any CPU.ActiveCfg = Debug|Any CPU
		{DCC2A3E4-0C16-4A80-B9FF-8EE256E71B59}.Debug|Any CPU.Build.0 = Debug|Any CPU
		{DCC2A3E4-0C16-4A80-B9FF-8EE256E71B59}.Release|Any CPU.ActiveCfg = Release|Any CPU
		{DCC2A3E4-0C16-4A80-B9FF-8EE256E71B59}.Release|Any CPU.Build.0 = Release|Any CPU
	EndGlobalSection
	GlobalSection(SolutionProperties) = preSolution
		HideSolutionNode = FALSE
	EndGlobalSection
	GlobalSection(ExtensibilityGlobals) = postSolution
		SolutionGuid = {EAF241B3-9360-4F10-BADC-9F16D28FBC3B}
	EndGlobalSection
EndGlobal
